{
  "name": "vinted-js-api",
  "version": "1.0.0",
  "lockfileVersion": 2,
  "requires": true,
  "packages": {
    "": {
      "name": "vinted-js-api",
      "version": "1.0.0",
      "license": "ISC",
      "dependencies": {
        "cookie": "^0.5.0",
        "webhook-discord": "^3.7.8"
      }
    },
    "node_modules/cookie": {
      "version": "0.5.0",
      "resolved": "https://registry.npmjs.org/cookie/-/cookie-0.5.0.tgz",
      "integrity": "sha512-YZ3GUyn/o8gfKJlnlX7g7xq4gyO6OSuhGPKaaGssGB2qgDUS0gPgtTvoyZLTt9Ab6dC4hfc9dV5arkvc/OCmrw==",
      "engines": {
        "node": ">= 0.6"
      }
    },
    "node_modules/snekfetch": {
      "version": "3.6.4",
      "resolved": "https://registry.npmjs.org/snekfetch/-/snekfetch-3.6.4.tgz",
      "integrity": "sha512-NjxjITIj04Ffqid5lqr7XdgwM7X61c/Dns073Ly170bPQHLm6jkmelye/eglS++1nfTWktpP6Y2bFXjdPlQqdw==",
      "deprecated": "use node-fetch instead"
    },
    "node_modules/webhook-discord": {
      "version": "3.7.8",
      "resolved": "https://registry.npmjs.org/webhook-discord/-/webhook-discord-3.7.8.tgz",
      "integrity": "sha512-IDEvKmu83SIAPZD0efpEXj3ZEm+X8Q68iRuKEKtyXlGN9S9lVtdL7cp4I0AXqTapVj+eh+Wby7y9DaxP01Yk2g==",
      "dependencies": {
        "snekfetch": "^3.6.4"
      }
    }
  },
  "dependencies": {
    "cookie": {
      "version": "0.5.0",
      "resolved": "https://registry.npmjs.org/cookie/-/cookie-0.5.0.tgz",
      "integrity": "sha512-YZ3GUyn/o8gfKJlnlX7g7xq4gyO6OSuhGPKaaGssGB2qgDUS0gPgtTvoyZLTt9Ab6dC4hfc9dV5arkvc/OCmrw=="
    },
    "snekfetch": {
      "version": "3.6.4",
      "resolved": "https://registry.npmjs.org/snekfetch/-/snekfetch-3.6.4.tgz",
      "integrity": "sha512-NjxjITIj04Ffqid5lqr7XdgwM7X61c/Dns073Ly170bPQHLm6jkmelye/eglS++1nfTWktpP6Y2bFXjdPlQqdw=="
    },
    "webhook-discord": {
      "version": "3.7.8",
      "resolved": "https://registry.npmjs.org/webhook-discord/-/webhook-discord-3.7.8.tgz",
      "integrity": "sha512-IDEvKmu83SIAPZD0efpEXj3ZEm+X8Q68iRuKEKtyXlGN9S9lVtdL7cp4I0AXqTapVj+eh+Wby7y9DaxP01Yk2g==",
      "requires": {
        "snekfetch": "^3.6.4"
      }
    }
  }
}
